
Microsoft Visual Studio Solution File, Format Version 12.00
# Visual Studio Version 16
VisualStudioVersion = 16.0.30309.148
MinimumVisualStudioVersion = 10.0.40219.1
Project("{9A19103F-16F7-4668-BE54-9A1E7A4F7556}") = "CVService", "CVService\CVService.csproj", "{2D07A5B0-6EFA-43FB-A9E7-76F203DE2899}"
EndProject
Project("{9A19103F-16F7-4668-BE54-9A1E7A4F7556}") = "BLL", "Service\BLL.csproj", "{78A5E548-80A4-4B36-99F1-70EEEE65A28C}"
EndProject
Project("{9A19103F-16F7-4668-BE54-9A1E7A4F7556}") = "DAL", "DAL\DAL.csproj", "{EF33DDA1-D3F8-4F0A-9AC9-3CFEF7F7846A}"
EndProject
Project("{9A19103F-16F7-4668-BE54-9A1E7A4F7556}") = "BLL.Tests", "BLL.Tests\BLL.Tests.csproj", "{15477AD1-F767-4D44-82D6-358AD407DB78}"
EndProject
Project("{FAE04EC0-301F-11D3-BF4B-00C04F79EFBC}") = "WorkExperienceBLL.Tests", "WorkExperienceBLL.Tests\WorkExperienceBLL.Tests.csproj", "{6D5E4D7A-1F44-4AFE-B6D3-2D3AA468E05F}"
EndProject
Global
	GlobalSection(SolutionConfigurationPlatforms) = preSolution
		Debug|Any CPU = Debug|Any CPU
		Release|Any CPU = Release|Any CPU
	EndGlobalSection
	GlobalSection(ProjectConfigurationPlatforms) = postSolution
		{2D07A5B0-6EFA-43FB-A9E7-76F203DE2899}.Debug|Any CPU.ActiveCfg = Debug|Any CPU
		{2D07A5B0-6EFA-43FB-A9E7-76F203DE2899}.Debug|Any CPU.Build.0 = Debug|Any CPU
		{2D07A5B0-6EFA-43FB-A9E7-76F203DE2899}.Release|Any CPU.ActiveCfg = Release|Any CPU
		{2D07A5B0-6EFA-43FB-A9E7-76F203DE2899}.Release|Any CPU.Build.0 = Release|Any CPU
		{78A5E548-80A4-4B36-99F1-70EEEE65A28C}.Debug|Any CPU.ActiveCfg = Debug|Any CPU
		{78A5E548-80A4-4B36-99F1-70EEEE65A28C}.Debug|Any CPU.Build.0 = Debug|Any CPU
		{78A5E548-80A4-4B36-99F1-70EEEE65A28C}.Release|Any CPU.ActiveCfg = Release|Any CPU
		{78A5E548-80A4-4B36-99F1-70EEEE65A28C}.Release|Any CPU.Build.0 = Release|Any CPU
		{EF33DDA1-D3F8-4F0A-9AC9-3CFEF7F7846A}.Debug|Any CPU.ActiveCfg = Debug|Any CPU
		{EF33DDA1-D3F8-4F0A-9AC9-3CFEF7F7846A}.Debug|Any CPU.Build.0 = Debug|Any CPU
		{EF33DDA1-D3F8-4F0A-9AC9-3CFEF7F7846A}.Release|Any CPU.ActiveCfg = Release|Any CPU
		{EF33DDA1-D3F8-4F0A-9AC9-3CFEF7F7846A}.Release|Any CPU.Build.0 = Release|Any CPU
		{15477AD1-F767-4D44-82D6-358AD407DB78}.Debug|Any CPU.ActiveCfg = Debug|Any CPU
		{15477AD1-F767-4D44-82D6-358AD407DB78}.Debug|Any CPU.Build.0 = Debug|Any CPU
		{15477AD1-F767-4D44-82D6-358AD407DB78}.Release|Any CPU.ActiveCfg = Release|Any CPU
		{15477AD1-F767-4D44-82D6-358AD407DB78}.Release|Any CPU.Build.0 = Release|Any CPU
		{6D5E4D7A-1F44-4AFE-B6D3-2D3AA468E05F}.Debug|Any CPU.ActiveCfg = Debug|Any CPU
		{6D5E4D7A-1F44-4AFE-B6D3-2D3AA468E05F}.Debug|Any CPU.Build.0 = Debug|Any CPU
		{6D5E4D7A-1F44-4AFE-B6D3-2D3AA468E05F}.Release|Any CPU.ActiveCfg = Release|Any CPU
		{6D5E4D7A-1F44-4AFE-B6D3-2D3AA468E05F}.Release|Any CPU.Build.0 = Release|Any CPU
	EndGlobalSection
	GlobalSection(SolutionProperties) = preSolution
		HideSolutionNode = FALSE
	EndGlobalSection
	GlobalSection(ExtensibilityGlobals) = postSolution
		SolutionGuid = {C46FAA22-3152-4607-8ACB-C541BD9EE940}
	EndGlobalSection
EndGlobal
